<?xml version="1.0" encoding="utf-8"?>
<Project ToolsVersion="4.0" xmlns="http://schemas.microsoft.com/developer/msbuild/2003">
  <ItemGroup>
    <Filter Include="glew">
      <UniqueIdentifier>{1bc743a2-0f74-4391-acd2-faa57751a265}</UniqueIdentifier>
    </Filter>
    <Filter Include="glew\include">
      <UniqueIdentifier>{5c6239d8-b1b8-4212-a02a-5c72ef2f99c9}</UniqueIdentifier>
    </Filter>
    <Filter Include="glew\source">
      <UniqueIdentifier>{5505fe53-d6ad-472e-90c8-72c62ca52343}</UniqueIdentifier>
    </Filter>
    <Filter Include="freeglut">
      <UniqueIdentifier>{c57e5812-997c-4a49-9a89-c230ec36e773}</UniqueIdentifier>
    </Filter>
    <Filter Include="freeglut\include">
      <UniqueIdentifier>{aba17d2d-29e0-485c-8b04-f7ba14a8d773}</UniqueIdentifier>
    </Filter>
    <Filter Include="freeglut\source">
      <UniqueIdentifier>{9ccde3c6-abf4-4681-b82a-5cf30ae93ec7}</UniqueIdentifier>
    </Filter>
    <Filter Include="cwc">
      <UniqueIdentifier>{0db615a3-cc8b-4d96-bde3-d3c634fe085a}</UniqueIdentifier>
    </Filter>
    <Filter Include="cwc\include">
      <UniqueIdentifier>{095d29e8-ba91-4be2-9d84-7d495d9a20f7}</UniqueIdentifier>
    </Filter>
    <Filter Include="cwc\source">
      <UniqueIdentifier>{5d842936-972b-4aac-8e6e-15ce00877603}</UniqueIdentifier>
    </Filter>
  </ItemGroup>
  <ItemGroup>
    <ClInclude Include="glew\include\Gl\glew.h">
      <Filter>glew\include</Filter>
    </ClInclude>
    <ClInclude Include="glew\include\Gl\glxew.h">
      <Filter>glew\include</Filter>
    </ClInclude>
    <ClInclude Include="glew\include\Gl\wglew.h">
      <Filter>glew\include</Filter>
    </ClInclude>
    <ClInclude Include="freeglut\include\Gl\freeglut.h">
      <Filter>freeglut\include</Filter>
    </ClInclude>
    <ClInclude Include="freeglut\include\Gl\freeglut_ext.h">
      <Filter>freeglut\include</Filter>
    </ClInclude>
    <ClInclude Include="freeglut\include\Gl\freeglut_std.h">
      <Filter>freeglut\include</Filter>
    </ClInclude>
    <ClInclude Include="freeglut\include\Gl\glut.h">
      <Filter>freeglut\include</Filter>
    </ClInclude>
    <ClInclude Include="freeglut\source\freeglut_internal.h">
      <Filter>freeglut\source</Filter>
    </ClInclude>
    <ClInclude Include="freeglut\source\freeglut_teapot_data.h">
      <Filter>freeglut\source</Filter>
    </ClInclude>
    <ClInclude Include="cwc\include\glApplication.h">
      <Filter>cwc\include</Filter>
    </ClInclude>
    <ClInclude Include="cwc\include\glsl.h">
      <Filter>cwc\include</Filter>
    </ClInclude>
    <ClInclude Include="cwc\include\glutwindow.h">
      <Filter>cwc\include</Filter>
    </ClInclude>
    <ClInclude Include="cwc\include\glWindow.h">
      <Filter>cwc\include</Filter>
    </ClInclude>
    <ClInclude Include="Tetera.h" />
    <ClInclude Include="Personaje.h" />
  </ItemGroup>
  <ItemGroup>
    <ClCompile Include="glew\source\glew.c">
      <Filter>glew\source</Filter>
    </ClCompile>
    <ClCompile Include="freeglut\source\freeglut_callbacks.c">
      <Filter>freeglut\source</Filter>
    </ClCompile>
    <ClCompile Include="freeglut\source\freeglut_cursor.c">
      <Filter>freeglut\source</Filter>
    </ClCompile>
    <ClCompile Include="freeglut\source\freeglut_display.c">
      <Filter>freeglut\source</Filter>
    </ClCompile>
    <ClCompile Include="freeglut\source\freeglut_ext.c">
      <Filter>freeglut\source</Filter>
    </ClCompile>
    <ClCompile Include="freeglut\source\freeglut_font.c">
      <Filter>freeglut\source</Filter>
    </ClCompile>
    <ClCompile Include="freeglut\source\freeglut_font_data.c">
      <Filter>freeglut\source</Filter>
    </ClCompile>
    <ClCompile Include="freeglut\source\freeglut_gamemode.c">
      <Filter>freeglut\source</Filter>
    </ClCompile>
    <ClCompile Include="freeglut\source\freeglut_geometry.c">
      <Filter>freeglut\source</Filter>
    </ClCompile>
    <ClCompile Include="freeglut\source\freeglut_glutfont_definitions.c">
      <Filter>freeglut\source</Filter>
    </ClCompile>
    <ClCompile Include="freeglut\source\freeglut_init.c">
      <Filter>freeglut\source</Filter>
    </ClCompile>
    <ClCompile Include="freeglut\source\freeglut_joystick.c">
      <Filter>freeglut\source</Filter>
    </ClCompile>
    <ClCompile Include="freeglut\source\freeglut_main.c">
      <Filter>freeglut\source</Filter>
    </ClCompile>
    <ClCompile Include="freeglut\source\freeglut_menu.c">
      <Filter>freeglut\source</Filter>
    </ClCompile>
    <ClCompile Include="freeglut\source\freeglut_misc.c">
      <Filter>freeglut\source</Filter>
    </ClCompile>
    <ClCompile Include="freeglut\source\freeglut_overlay.c">
      <Filter>freeglut\source</Filter>
    </ClCompile>
    <ClCompile Include="freeglut\source\freeglut_state.c">
      <Filter>freeglut\source</Filter>
    </ClCompile>
    <ClCompile Include="freeglut\source\freeglut_stroke_mono_roman.c">
      <Filter>freeglut\source</Filter>
    </ClCompile>
    <ClCompile Include="freeglut\source\freeglut_stroke_roman.c">
      <Filter>freeglut\source</Filter>
    </ClCompile>
    <ClCompile Include="freeglut\source\freeglut_structure.c">
      <Filter>freeglut\source</Filter>
    </ClCompile>
    <ClCompile Include="freeglut\source\freeglut_teapot.c">
      <Filter>freeglut\source</Filter>
    </ClCompile>
    <ClCompile Include="freeglut\source\freeglut_videoresize.c">
      <Filter>freeglut\source</Filter>
    </ClCompile>
    <ClCompile Include="freeglut\source\freeglut_window.c">
      <Filter>freeglut\source</Filter>
    </ClCompile>
    <ClCompile Include="cwc\source\glApplication.cpp">
      <Filter>cwc\source</Filter>
    </ClCompile>
    <ClCompile Include="cwc\source\glsl.cpp">
      <Filter>cwc\source</Filter>
    </ClCompile>
    <ClCompile Include="cwc\source\glutwindow.cpp">
      <Filter>cwc\source</Filter>
    </ClCompile>
    <ClCompile Include="cwc\source\glWindow.cpp">
      <Filter>cwc\source</Filter>
    </ClCompile>
    <ClCompile Include="main.cpp" />
    <ClCompile Include="Tetera.cpp" />
    <ClCompile Include="Personaje.cpp" />
  </ItemGroup>
  <ItemGroup>
    <None Include="freeglut\source\freeglutdll.def">
      <Filter>freeglut\source</Filter>
    </None>
  </ItemGroup>
  <ItemGroup>
    <Text Include="fragmentshader.txt" />
    <Text Include="vertexshader.txt" />
  </ItemGroup>
</Project>